
Microsoft Visual Studio Solution File, Format Version 12.00
# Visual Studio Version 16
VisualStudioVersion = 16.0.29326.143
MinimumVisualStudioVersion = 10.0.40219.1
Project("{FAE04EC0-301F-11D3-BF4B-00C04F79EFBC}") = "TotalPricePromoCalculator", "TotalPricePromoCalculator\TotalPricePromoCalculator.csproj", "{1EC7B94C-EFB3-4630-9C0B-489E79D73A99}"
EndProject
Project("{FAE04EC0-301F-11D3-BF4B-00C04F79EFBC}") = "TotalPricePromoCalculator.UnitTest", "TotalPricePromoCalculator.UnitTest\TotalPricePromoCalculator.UnitTest.csproj", "{6928CE73-6F43-4405-9040-B2FE395AF709}"
EndProject
Project("{FAE04EC0-301F-11D3-BF4B-00C04F79EFBC}") = "PromoLibrary", "PromoLibrary\PromoLibrary.csproj", "{1EAAC87F-B046-42BC-937B-7DDCD25B3060}"
EndProject
Global
	GlobalSection(SolutionConfigurationPlatforms) = preSolution
		Debug|Any CPU = Debug|Any CPU
		Release|Any CPU = Release|Any CPU
	EndGlobalSection
	GlobalSection(ProjectConfigurationPlatforms) = postSolution
		{1EC7B94C-EFB3-4630-9C0B-489E79D73A99}.Debug|Any CPU.ActiveCfg = Debug|Any CPU
		{1EC7B94C-EFB3-4630-9C0B-489E79D73A99}.Debug|Any CPU.Build.0 = Debug|Any CPU
		{1EC7B94C-EFB3-4630-9C0B-489E79D73A99}.Release|Any CPU.ActiveCfg = Release|Any CPU
		{1EC7B94C-EFB3-4630-9C0B-489E79D73A99}.Release|Any CPU.Build.0 = Release|Any CPU
		{6928CE73-6F43-4405-9040-B2FE395AF709}.Debug|Any CPU.ActiveCfg = Debug|Any CPU
		{6928CE73-6F43-4405-9040-B2FE395AF709}.Debug|Any CPU.Build.0 = Debug|Any CPU
		{6928CE73-6F43-4405-9040-B2FE395AF709}.Release|Any CPU.ActiveCfg = Release|Any CPU
		{6928CE73-6F43-4405-9040-B2FE395AF709}.Release|Any CPU.Build.0 = Release|Any CPU
		{1EAAC87F-B046-42BC-937B-7DDCD25B3060}.Debug|Any CPU.ActiveCfg = Debug|Any CPU
		{1EAAC87F-B046-42BC-937B-7DDCD25B3060}.Debug|Any CPU.Build.0 = Debug|Any CPU
		{1EAAC87F-B046-42BC-937B-7DDCD25B3060}.Release|Any CPU.ActiveCfg = Release|Any CPU
		{1EAAC87F-B046-42BC-937B-7DDCD25B3060}.Release|Any CPU.Build.0 = Release|Any CPU
	EndGlobalSection
	GlobalSection(SolutionProperties) = preSolution
		HideSolutionNode = FALSE
	EndGlobalSection
	GlobalSection(ExtensibilityGlobals) = postSolution
		SolutionGuid = {94E0ABBF-F886-4152-B885-2A27BC92F118}
	EndGlobalSection
EndGlobal
